PODS:
  - Alamofire (5.4.1)
  - SVProgressHUD (2.2.5)
  - UPennMobileComponentsSDK (0.2.0):
    - Alamofire (~> 5.2)
    - SVProgressHUD

DEPENDENCIES:
  - UPennMobileComponentsSDK (from `../`)

SPEC REPOS:
  trunk:
    - Alamofire
    - SVProgressHUD

EXTERNAL SOURCES:
  UPennMobileComponentsSDK:
    :path: "../"

SPEC CHECKSUMS:
  Alamofire: 2291f7d21ca607c491dd17642e5d40fdcda0e65c
  SVProgressHUD: 1428aafac632c1f86f62aa4243ec12008d7a51d6
  UPennMobileComponentsSDK: 52dda8e0a8bc4f94b9f73de280b241c429fa8214

PODFILE CHECKSUM: 49088c2c2a09d48cb3f75c35441b159ab07fcf50

COCOAPODS: 1.9.0
